
Microsoft Visual Studio Solution File, Format Version 12.00
# Visual Studio Version 17
VisualStudioVersion = 17.13.35931.197
MinimumVisualStudioVersion = 10.0.40219.1
Project("{FAE04EC0-301F-11D3-BF4B-00C04F79EFBC}") = "TaskManager", "TaskManager.csproj", "{A0785FFC-F12C-4F03-9820-9A22214A52B1}"
EndProject
Project("{FAE04EC0-301F-11D3-BF4B-00C04F79EFBC}") = "TaskManager.Tests", "..\TaskManager.Tests\TaskManager.Tests.csproj", "{332045DE-E9C0-463A-A346-32DA83319AAD}"
EndProject
Global
	GlobalSection(SolutionConfigurationPlatforms) = preSolution
		Debug|Any CPU = Debug|Any CPU
		Release|Any CPU = Release|Any CPU
	EndGlobalSection
	GlobalSection(ProjectConfigurationPlatforms) = postSolution
		{A0785FFC-F12C-4F03-9820-9A22214A52B1}.Debug|Any CPU.ActiveCfg = Debug|Any CPU
		{A0785FFC-F12C-4F03-9820-9A22214A52B1}.Debug|Any CPU.Build.0 = Debug|Any CPU
		{A0785FFC-F12C-4F03-9820-9A22214A52B1}.Release|Any CPU.ActiveCfg = Release|Any CPU
		{A0785FFC-F12C-4F03-9820-9A22214A52B1}.Release|Any CPU.Build.0 = Release|Any CPU
		{332045DE-E9C0-463A-A346-32DA83319AAD}.Debug|Any CPU.ActiveCfg = Debug|Any CPU
		{332045DE-E9C0-463A-A346-32DA83319AAD}.Debug|Any CPU.Build.0 = Debug|Any CPU
		{332045DE-E9C0-463A-A346-32DA83319AAD}.Release|Any CPU.ActiveCfg = Release|Any CPU
		{332045DE-E9C0-463A-A346-32DA83319AAD}.Release|Any CPU.Build.0 = Release|Any CPU
	EndGlobalSection
	GlobalSection(SolutionProperties) = preSolution
		HideSolutionNode = FALSE
	EndGlobalSection
	GlobalSection(ExtensibilityGlobals) = postSolution
		SolutionGuid = {343F727A-94C9-4217-B07D-0D2DCACE2098}
	EndGlobalSection
EndGlobal
